# This file is autogenerated, do not edit; changes may be undone by the next 'dep ensure'.


[[projects]]
  digest = "1:5db342e03532ae5e12cdb4f25118788c1e550b18bca25c4f03be9ba38fbcacd3"
  name = "github.com/AlexStocks/dubbogo"
  packages = [
    "codec",
    "codec/hessian",
  ]
  pruneopts = "UT"
  revision = "d706e009647c54fe93b3a0b8f8c15fe56cc85cf7"
  version = "v0.2.0"

[[projects]]
  digest = "1:63df7e01e8668d32cfe55ad065f841e8c3f04850a55b39c57d6ecad28252e7f5"
  name = "github.com/AlexStocks/goext"
  packages = ["strings"]
  pruneopts = "UT"
  revision = "65da9f24c77737361cf831a15336dd1f4b9ae7aa"
  version = "v0.3.2"

[[projects]]
  digest = "1:5a37a4aac1ae78aa048122c33634ae546c47ce585cbd10d727f32b068b5f23f5"
  name = "github.com/AlexStocks/log4go"
  packages = ["."]
  pruneopts = "UT"
  revision = "c0d5f610c34a60bfb67dca1a6ed47e0785b129d7"
  version = "v1.0.2"

[[projects]]
  digest = "1:fef2f1c0c10ecb759f5e123616dc88c90b5c3991c160e26b7f363b762e2c9d68"
  name = "github.com/TarsCloud/TarsGo"
  packages = [
    "tars",
    "tars/model",
    "tars/protocol/codec",
    "tars/protocol/res/adminf",
    "tars/protocol/res/basef",
    "tars/protocol/res/configf",
    "tars/protocol/res/endpointf",
    "tars/protocol/res/logf",
    "tars/protocol/res/nodef",
    "tars/protocol/res/notifyf",
    "tars/protocol/res/propertyf",
    "tars/protocol/res/queryf",
    "tars/protocol/res/requestf",
    "tars/protocol/res/statf",
    "tars/transport",
    "tars/util/conf",
    "tars/util/current",
    "tars/util/debug",
    "tars/util/endpoint",
    "tars/util/gpool",
    "tars/util/rogger",
    "tars/util/rtimer",
    "tars/util/set",
    "tars/util/tools",
  ]
  pruneopts = "UT"
  revision = "2d42457f2025b1e24d845d8fa8d42c9452ce3372"
  version = "1.1.0"

[[projects]]
  digest = "1:d6afaeed1502aa28e80a4ed0981d570ad91b2579193404256ce672ed0a609e0d"
  name = "github.com/beorn7/perks"
  packages = ["quantile"]
  pruneopts = "UT"
  revision = "37c8de3658fcb183f997c4e13e8337516ab753e6"
  version = "v1.0.1"

[[projects]]
  branch = "master"
  digest = "1:e8891cd354f2af940345f895d5698ab1ed439196d4f69eb44817fc91e80354c1"
  name = "github.com/c2h5oh/datasize"
  packages = ["."]
  pruneopts = "UT"
  revision = "4eba002a5eaea69cf8d235a388fc6b65ae68d2dd"

[[projects]]
  digest = "1:ffe9824d294da03b391f44e1ae8281281b4afc1bdaa9588c9097785e3af10cec"
  name = "github.com/davecgh/go-spew"
  packages = ["spew"]
  pruneopts = "UT"
  revision = "8991bc29aa16c548c550c7ff78260e27b9ab7c73"
  version = "v1.1.1"

[[projects]]
  digest = "1:4cc0ab2ffde5af6ed91e57dd4f67864ec07c8f175c08225cd031932d7fc945b2"
  name = "github.com/envoyproxy/go-control-plane"
  packages = [
    "envoy/api/v2",
    "envoy/api/v2/auth",
    "envoy/api/v2/cluster",
    "envoy/api/v2/core",
    "envoy/api/v2/endpoint",
    "envoy/api/v2/listener",
    "envoy/api/v2/route",
    "envoy/config/accesslog/v2",
    "envoy/config/bootstrap/v2",
    "envoy/config/filter/accesslog/v2",
    "envoy/config/filter/fault/v2",
    "envoy/config/filter/http/fault/v2",
    "envoy/config/filter/network/http_connection_manager/v2",
    "envoy/config/filter/network/tcp_proxy/v2",
    "envoy/config/metrics/v2",
    "envoy/config/overload/v2alpha",
    "envoy/config/ratelimit/v2",
    "envoy/config/trace/v2",
    "envoy/service/discovery/v2",
    "envoy/type",
    "envoy/type/matcher",
    "pkg/util",
  ]
  pruneopts = "UT"
  revision = "0ad6fa1cf0b9b6ca8f3617a7188a568e81f40b87"
  version = "v0.6.9"

[[projects]]
  digest = "1:d2627f44c974bd0e0d54dbd348b340df8502d7e32d265c18c83431046b503dcf"
  name = "github.com/gogo/googleapis"
  packages = [
    "google/api",
    "google/rpc",
  ]
  pruneopts = "UT"
  revision = "d31c731455cb061f42baff3bda55bad0118b126b"
  version = "v1.2.0"

[[projects]]
  digest = "1:95e1006e41c641abd2f365dfa0f1213c04da294e7cd5f0bf983af234b775db64"
  name = "github.com/gogo/protobuf"
  packages = [
    "gogoproto",
    "jsonpb",
    "proto",
    "protoc-gen-gogo/descriptor",
    "sortkeys",
    "types",
  ]
  pruneopts = "UT"
  revision = "ba06b47c162d49f2af050fb4c75bcbc86a159d5c"
  version = "v1.2.1"

[[projects]]
  digest = "1:cbf31997868639533ea9234c2c8ee5802c0eeb807fcf608c29320c58c379a182"
  name = "github.com/golang/protobuf"
  packages = [
    "jsonpb",
    "proto",
    "protoc-gen-go/descriptor",
    "ptypes",
    "ptypes/any",
    "ptypes/duration",
    "ptypes/struct",
    "ptypes/timestamp",
  ]
  pruneopts = "UT"
  revision = "b5d812f8a3706043e23a9cd5babf2e5423744d30"
  version = "v1.3.1"

[[projects]]
  digest = "1:0a48cb9c2757781932550a45ad11dd497722d4018a28077de65674aec7eee90e"
  name = "github.com/hashicorp/go-syslog"
  packages = ["."]
  pruneopts = "UT"
  revision = "8d1874e3e8d1862b74e0536851e218c4571066a5"
  version = "v1.0.0"

[[projects]]
  digest = "1:f5a2051c55d05548d2d4fd23d244027b59fbd943217df8aa3b5e170ac2fd6e1b"
  name = "github.com/json-iterator/go"
  packages = ["."]
  pruneopts = "UT"
  revision = "0ff49de124c6f76f8494e194af75bde0f1a49a29"
  version = "v1.1.6"

[[projects]]
  branch = "master"
  digest = "1:60835a4fa946b3c4b595438a07d447305ed4fc9ce95a7a5d0c06ffeea490d5a9"
  name = "github.com/juju/errors"
  packages = ["."]
  pruneopts = "UT"
  revision = "e65537c515d77e35697c471d6c2755375cb3adc4"

[[projects]]
  digest = "1:836838f1466d370fc7678c927e5b7473f38ba12c2e571f8eca957bd0a102c2db"
  name = "github.com/klauspost/compress"
  packages = [
    "flate",
    "gzip",
    "zlib",
  ]
  pruneopts = "UT"
  revision = "53fd0299b54f91f5d91c50ee5f4d5e0393e45eb8"
  version = "v1.7.5"

[[projects]]
  digest = "1:923c4d7194b42e054b2eb8a6c62824ac55e23ececc1c7e48d4da69c971c55954"
  name = "github.com/klauspost/cpuid"
  packages = ["."]
  pruneopts = "UT"
  revision = "05a8198c0f5a27739aec358908d7e12c64ce6eb7"
  version = "v1.2.1"

[[projects]]
  digest = "1:fd54bf7b2ed868354f34178c1d81930250bf978901ad7b0dc649223d79356ae7"
  name = "github.com/lyft/protoc-gen-validate"
  packages = ["validate"]
  pruneopts = "UT"
  revision = "ff6f7a9bc2e5fe006509b9f8c7594c41a953d50f"
  version = "v0.0.14"

[[projects]]
  branch = "master"
  digest = "1:ad157c87bae81a72ca4cc7b5d2da8907eeedf060ac9828833bfa3013982f6f66"
  name = "github.com/mailru/easyjson"
  packages = [
    ".",
    "buffer",
    "jlexer",
    "jwriter",
  ]
  pruneopts = "UT"
  revision = "b2ccc519800e761ac8000b95e5d57c80a897ff9e"

[[projects]]
  digest = "1:9b90c7639a41697f3d4ad12d7d67dfacc9a7a4a6e0bbfae4fc72d0da57c28871"
  name = "github.com/mattn/go-isatty"
  packages = ["."]
  pruneopts = "UT"
  revision = "1311e847b0cb909da63b5fecfb5370aa66236465"
  version = "v0.0.8"

[[projects]]
  digest = "1:ff5ebae34cfbf047d505ee150de27e60570e8c394b3b8fdbb720ff6ac71985fc"
  name = "github.com/matttproud/golang_protobuf_extensions"
  packages = ["pbutil"]
  pruneopts = "UT"
  revision = "c12348ce28de40eed0136aa2b644d0ee0650e56c"
  version = "v1.0.1"

[[projects]]
  digest = "1:33422d238f147d247752996a26574ac48dcf472976eda7f5134015f06bf16563"
  name = "github.com/modern-go/concurrent"
  packages = ["."]
  pruneopts = "UT"
  revision = "bacd9c7ef1dd9b15be4a9909b8ac7a4e313eec94"
  version = "1.0.3"

[[projects]]
  digest = "1:e32bdbdb7c377a07a9a46378290059822efdce5c8d96fe71940d87cb4f918855"
  name = "github.com/modern-go/reflect2"
  packages = ["."]
  pruneopts = "UT"
  revision = "4b7aa43c6742a2c18fdef89dd197aaae7dac7ccd"
  version = "1.0.1"

[[projects]]
  branch = "master"
  digest = "1:b58f342fbae279c37a5c5d7016b9c9ff91036b9a0365ca1c89b2a5ec151bda14"
  name = "github.com/neverhook/easygo"
  packages = ["netpoll"]
  pruneopts = "UT"
  revision = "787757e6499086c1bb5dfe4ae7d3aa4aafe169d4"

[[projects]]
  digest = "1:0028cb19b2e4c3112225cd871870f2d9cf49b9b4276531f03438a88e94be86fe"
  name = "github.com/pmezard/go-difflib"
  packages = ["difflib"]
  pruneopts = "UT"
  revision = "792786c7400a136282c1664665ae0a8db921c6c2"
  version = "v1.0.0"

[[projects]]
  digest = "1:93a746f1060a8acbcf69344862b2ceced80f854170e1caae089b2834c5fbf7f4"
  name = "github.com/prometheus/client_golang"
  packages = [
    "prometheus",
    "prometheus/internal",
    "prometheus/promhttp",
  ]
  pruneopts = "UT"
  revision = "505eaef017263e299324067d40ca2c48f6a2cf50"
  version = "v0.9.2"

[[projects]]
  branch = "master"
  digest = "1:2d5cd61daa5565187e1d96bae64dbbc6080dacf741448e9629c64fd93203b0d4"
  name = "github.com/prometheus/client_model"
  packages = ["go"]
  pruneopts = "UT"
  revision = "fd36f4220a901265f90734c3183c5f0c91daa0b8"

[[projects]]
  digest = "1:8dcedf2e8f06c7f94e48267dea0bc0be261fa97b377f3ae3e87843a92a549481"
  name = "github.com/prometheus/common"
  packages = [
    "expfmt",
    "internal/bitbucket.org/ww/goautoneg",
    "model",
  ]
  pruneopts = "UT"
  revision = "31bed53e4047fd6c510e43a941f90cb31be0972a"
  version = "v0.6.0"

[[projects]]
  digest = "1:366f5aa02ff6c1e2eccce9ca03a22a6d983da89eecff8a89965401764534eb7c"
  name = "github.com/prometheus/procfs"
  packages = [
    ".",
    "internal/fs",
  ]
  pruneopts = "UT"
  revision = "3f98efb27840a48a7a2898ec80be07674d19f9c8"
  version = "v0.0.3"

[[projects]]
  branch = "master"
  digest = "1:267844804416a11470a2fbf68549b98959e22d77e0921e2349276958477f08a3"
  name = "github.com/rcrowley/go-metrics"
  packages = ["."]
  pruneopts = "UT"
  revision = "9beb055b7962d16947a14e1cd718098a2431e20e"

[[projects]]
  digest = "1:c1b1102241e7f645bc8e0c22ae352e8f0dc6484b6cb4d132fa9f24174e0119e2"
  name = "github.com/spf13/pflag"
  packages = ["."]
  pruneopts = "UT"
  revision = "298182f68c66c05229eb03ac171abe6e309ee79a"
  version = "v1.0.3"

[[projects]]
  digest = "1:972c2427413d41a1e06ca4897e8528e5a1622894050e2f527b38ddf0f343f759"
  name = "github.com/stretchr/testify"
  packages = ["assert"]
  pruneopts = "UT"
  revision = "ffdc059bfe9ce6a4e144ba849dbedead332c6053"
  version = "v1.3.0"

[[projects]]
  digest = "1:b24d38b282bacf9791408a080f606370efa3d364e4b5fd9ba0f7b87786d3b679"
  name = "github.com/urfave/cli"
  packages = ["."]
  pruneopts = "UT"
  revision = "cfb38830724cc34fedffe9a2a29fb54fa9169cd1"
  version = "v1.20.0"

[[projects]]
  digest = "1:c468422f334a6b46a19448ad59aaffdfc0a36b08fdcc1c749a0b29b6453d7e59"
  name = "github.com/valyala/bytebufferpool"
  packages = ["."]
  pruneopts = "UT"
  revision = "e746df99fe4a3986f4d4f79e13c1e0117ce9c2f7"
  version = "v1.0.0"

[[projects]]
  digest = "1:d9fff816672fef4dd9db94ce28ca12a650b58c84a1033a2cf543a9e9eec31d77"
  name = "github.com/valyala/fasthttp"
  packages = [
    ".",
    "fasthttputil",
    "stackless",
  ]
  pruneopts = "UT"
  revision = "ed3793a1e1602989ba50bd20823e8521a4da84af"
  version = "v1.2.0"

[[projects]]
  branch = "master"
  digest = "1:54a6041af989110a6edee54f56bb2f2c205dd387c79bb4fa13e38d1ffa768887"
  name = "golang.org/x/crypto"
  packages = [
    "chacha20poly1305",
    "curve25519",
    "internal/chacha20",
    "internal/subtle",
    "poly1305",
    "ssh/terminal",
  ]
  pruneopts = "UT"
  revision = "4def268fd1a49955bfb3dda92fe3db4f924f2285"

[[projects]]
  branch = "release-branch.go1.12"
  digest = "1:fc7b6b4384e1e849d99eab58eca4f8c0a76bad4699117d5077a9a5c3c83e289e"
  name = "golang.org/x/net"
  packages = [
    "context",
    "http/httpguts",
    "http2",
    "http2/hpack",
    "idna",
    "internal/timeseries",
    "trace",
  ]
  pruneopts = "UT"
  revision = "65e2d4e15006aab9813ff8769e768bbf4bb667a0"

[[projects]]
  branch = "master"
  digest = "1:38915cc39fc79dedca06b483584620781b60fe2aa4e25b3db127ebecc765b15d"
  name = "golang.org/x/sys"
  packages = [
    "cpu",
    "unix",
    "windows",
  ]
  pruneopts = "UT"
  revision = "51ab0e2deafac1f46c46ad59cf0921be2f180c3d"

[[projects]]
  digest = "1:8d8faad6b12a3a4c819a3f9618cb6ee1fa1cfc33253abeeea8b55336721e3405"
  name = "golang.org/x/text"
  packages = [
    "collate",
    "collate/build",
    "internal/colltab",
    "internal/gen",
    "internal/language",
    "internal/language/compact",
    "internal/tag",
    "internal/triegen",
    "internal/ucd",
    "language",
    "secure/bidirule",
    "transform",
    "unicode/bidi",
    "unicode/cldr",
    "unicode/norm",
    "unicode/rangetable",
  ]
  pruneopts = "UT"
  revision = "342b2e1fbaa52c93f31447ad2c6abc048c63e475"
  version = "v0.3.2"

[[projects]]
  branch = "master"
  digest = "1:583a0c80f5e3a9343d33aea4aead1e1afcc0043db66fdf961ddd1fe8cd3a4faf"
  name = "google.golang.org/genproto"
  packages = ["googleapis/rpc/status"]
  pruneopts = "UT"
  revision = "fa694d86fc64c7654a660f8908de4e879866748d"

[[projects]]
  digest = "1:707c3a5d10ed430ea767d73df122d9eb3dfb6312bbacc9f2e39204390686d1d0"
  name = "google.golang.org/grpc"
  packages = [
    ".",
    "balancer",
    "balancer/base",
    "balancer/roundrobin",
    "binarylog/grpc_binarylog_v1",
    "codes",
    "connectivity",
    "credentials",
    "credentials/internal",
    "encoding",
    "encoding/proto",
    "grpclog",
    "internal",
    "internal/backoff",
    "internal/balancerload",
    "internal/binarylog",
    "internal/channelz",
    "internal/envconfig",
    "internal/grpcrand",
    "internal/grpcsync",
    "internal/syscall",
    "internal/transport",
    "keepalive",
    "metadata",
    "naming",
    "peer",
    "resolver",
    "resolver/dns",
    "resolver/passthrough",
    "stats",
    "status",
    "tap",
  ]
  pruneopts = "UT"
  revision = "25c4f928eaa6d96443009bd842389fb4fa48664e"
  version = "v1.20.1"

[[projects]]
  digest = "1:c805e517269b0ba4c21ded5836019ed7d16953d4026cb7d00041d039c7906be9"
  name = "gopkg.in/natefinch/lumberjack.v2"
  packages = ["."]
  pruneopts = "UT"
  revision = "a96e63847dc3c67d17befa69c303767e2f84e54f"
  version = "v2.1"

[[projects]]
  digest = "1:162437ec329c8fbd9bdf7a8abaee17ff1989d7e63e0b4ccffc749a0f6a85a550"
  name = "istio.io/api"
  packages = [
    "mixer/v1",
    "mixer/v1/config/client",
  ]
  pruneopts = "UT"
  revision = "e9ab8d6a54a613b7a5877fdca1c033d5a8fbe86a"
  version = "1.1.3"

[solve-meta]
  analyzer-name = "dep"
  analyzer-version = 1
  input-imports = [
    "github.com/AlexStocks/dubbogo/codec/hessian",
    "github.com/TarsCloud/TarsGo/tars",
    "github.com/TarsCloud/TarsGo/tars/protocol/codec",
    "github.com/TarsCloud/TarsGo/tars/protocol/res/requestf",
    "github.com/c2h5oh/datasize",
    "github.com/envoyproxy/go-control-plane/envoy/api/v2",
    "github.com/envoyproxy/go-control-plane/envoy/api/v2/auth",
    "github.com/envoyproxy/go-control-plane/envoy/api/v2/cluster",
    "github.com/envoyproxy/go-control-plane/envoy/api/v2/core",
    "github.com/envoyproxy/go-control-plane/envoy/api/v2/endpoint",
    "github.com/envoyproxy/go-control-plane/envoy/api/v2/listener",
    "github.com/envoyproxy/go-control-plane/envoy/api/v2/route",
    "github.com/envoyproxy/go-control-plane/envoy/config/accesslog/v2",
    "github.com/envoyproxy/go-control-plane/envoy/config/bootstrap/v2",
    "github.com/envoyproxy/go-control-plane/envoy/config/filter/accesslog/v2",
    "github.com/envoyproxy/go-control-plane/envoy/config/filter/fault/v2",
    "github.com/envoyproxy/go-control-plane/envoy/config/filter/http/fault/v2",
    "github.com/envoyproxy/go-control-plane/envoy/config/filter/network/http_connection_manager/v2",
    "github.com/envoyproxy/go-control-plane/envoy/config/filter/network/tcp_proxy/v2",
    "github.com/envoyproxy/go-control-plane/envoy/service/discovery/v2",
    "github.com/envoyproxy/go-control-plane/envoy/type",
    "github.com/envoyproxy/go-control-plane/pkg/util",
    "github.com/gogo/protobuf/gogoproto",
    "github.com/gogo/protobuf/jsonpb",
    "github.com/gogo/protobuf/proto",
    "github.com/gogo/protobuf/types",
    "github.com/golang/protobuf/jsonpb",
    "github.com/golang/protobuf/ptypes/duration",
    "github.com/hashicorp/go-syslog",
    "github.com/json-iterator/go",
    "github.com/juju/errors",
    "github.com/lyft/protoc-gen-validate/validate",
    "github.com/neverhook/easygo/netpoll",
    "github.com/prometheus/client_golang/prometheus",
    "github.com/prometheus/client_golang/prometheus/promhttp",
    "github.com/prometheus/client_model/go",
    "github.com/rcrowley/go-metrics",
    "github.com/spf13/pflag",
    "github.com/stretchr/testify/assert",
    "github.com/urfave/cli",
    "github.com/valyala/fasthttp",
    "golang.org/x/crypto/chacha20poly1305",
    "golang.org/x/crypto/curve25519",
    "golang.org/x/crypto/ssh/terminal",
    "golang.org/x/net/context",
    "golang.org/x/net/http/httpguts",
    "golang.org/x/net/http2",
    "golang.org/x/net/http2/hpack",
    "golang.org/x/net/idna",
    "golang.org/x/sys/unix",
    "google.golang.org/grpc",
    "google.golang.org/grpc/credentials",
    "gopkg.in/natefinch/lumberjack.v2",
    "istio.io/api/mixer/v1",
    "istio.io/api/mixer/v1/config/client",
  ]
  solver-name = "gps-cdcl"
  solver-version = 1
