github.com/BurntSushi/toml v0.3.1/go.mod h1:xHWCNGjB5oqiDr8zfno3MHue2Ht5sIBksp03qcyfWMU=
github.com/hashicorp/go-syslog v1.0.0/go.mod h1:qPfqrKkXGihmCqbJM2mZgkZGvKG1dFdvsLplgctolz4=
github.com/rcrowley/go-metrics v0.0.0-20200313005456-10cdbea86bc0 h1:MkV+77GLUNo5oJ0jf870itWm3D0Sjh7+Za9gazKc5LQ=
github.com/rcrowley/go-metrics v0.0.0-20200313005456-10cdbea86bc0/go.mod h1:bCqnVzQkZxMG4s8nGwiZ5l3QUCyqpo9Y+/ZMZ9VjZe4=
gopkg.in/check.v1 v0.0.0-20161208181325-20d25e280405/go.mod h1:Co6ibVJAznAaIkqp8huTwlJQCZ016jof/cbN4VW5Yz0=
gopkg.in/natefinch/lumberjack.v2 v2.0.0/go.mod h1:l0ndWWf7gzL7RNwBG7wST/UCcT4T24xpD6X8LsfU/+k=
gopkg.in/yaml.v2 v2.4.0/go.mod h1:RDklbk79AGWmwhnvt/jBztapEOGDOx6ZbXqjP6csGnQ=
mosn.io/api v0.0.0-20210204052134-5b9a826795fd h1:Uc4WO8nG+ksjoUiASmpw4DUWQkb7spchTRwf2lVdd+A=
mosn.io/api v0.0.0-20210204052134-5b9a826795fd/go.mod h1:TBv4bz2f2RbpgdohbVAFRFVOoN8YyEUiLH3jAh752Qc=
mosn.io/pkg v0.0.0-20210204111127-5f869b58611d h1:OqSMWFadbdAEvc0W5U90RyD2WEJd3JUe6i7IUfXA0VI=
mosn.io/pkg v0.0.0-20210204111127-5f869b58611d/go.mod h1:YEv5sGe7kqo/Yzj7OJI7Udl3iUcagNeo5unGPiUaUfw=
